
Microsoft Visual Studio Solution File, Format Version 12.00
# Visual Studio Version 17
VisualStudioVersion = 17.4.33205.214
MinimumVisualStudioVersion = 10.0.40219.1
Project("{FAE04EC0-301F-11D3-BF4B-00C04F79EFBC}") = "SpyDuh", "SpyDuh\SpyDuh.csproj", "{4CEAC033-8E3A-4EF8-B6F8-D1C1D322917A}"
EndProject
Global
	GlobalSection(SolutionConfigurationPlatforms) = preSolution
		Debug|Any CPU = Debug|Any CPU
		Release|Any CPU = Release|Any CPU
	EndGlobalSection
	GlobalSection(ProjectConfigurationPlatforms) = postSolution
		{4CEAC033-8E3A-4EF8-B6F8-D1C1D322917A}.Debug|Any CPU.ActiveCfg = Debug|Any CPU
		{4CEAC033-8E3A-4EF8-B6F8-D1C1D322917A}.Debug|Any CPU.Build.0 = Debug|Any CPU
		{4CEAC033-8E3A-4EF8-B6F8-D1C1D322917A}.Release|Any CPU.ActiveCfg = Release|Any CPU
		{4CEAC033-8E3A-4EF8-B6F8-D1C1D322917A}.Release|Any CPU.Build.0 = Release|Any CPU
	EndGlobalSection
	GlobalSection(SolutionProperties) = preSolution
		HideSolutionNode = FALSE
	EndGlobalSection
	GlobalSection(ExtensibilityGlobals) = postSolution
		SolutionGuid = {13ACEB8D-23C8-4CAF-9687-9EBE070F322B}
	EndGlobalSection
EndGlobal
